// !$*UTF8*$!
{
	archiveVersion = 1;
	classes = {
	};
	objectVersion = 46;
	objects = {

/* Begin PBXBuildFile section */
		A19BAF641DE54B600077A91D /* main.m in Sources */ = {isa = PBXBuildFile; fileRef = A19BAF631DE54B600077A91D /* main.m */; };
		A19BAF671DE54B600077A91D /* AppDelegate.m in Sources */ = {isa = PBXBuildFile; fileRef = A19BAF661DE54B600077A91D /* AppDelegate.m */; };
		A19BAF6A1DE54B600077A91D /* HomeViewController.m in Sources */ = {isa = PBXBuildFile; fileRef = A19BAF691DE54B600077A91D /* HomeViewController.m */; };
		A19BAF6D1DE54B600077A91D /* Main.storyboard in Resources */ = {isa = PBXBuildFile; fileRef = A19BAF6B1DE54B600077A91D /* Main.storyboard */; };
		A19BAF6F1DE54B600077A91D /* Assets.xcassets in Resources */ = {isa = PBXBuildFile; fileRef = A19BAF6E1DE54B600077A91D /* Assets.xcassets */; };
		A19BAF721DE54B600077A91D /* LaunchScreen.storyboard in Resources */ = {isa = PBXBuildFile; fileRef = A19BAF701DE54B600077A91D /* LaunchScreen.storyboard */; };
		A1C026D11DE5551C00BF8A75 /* HomeCell.m in Sources */ = {isa = PBXBuildFile; fileRef = A1C026D01DE5551C00BF8A75 /* HomeCell.m */; };
/* End PBXBuildFile section */

/* Begin PBXFileReference section */
		A19BAF5F1DE54B600077A91D /* Github Repository Finder.app */ = {isa = PBXFileReference; explicitFileType = wrapper.application; includeInIndex = 0; path = "Github Repository Finder.app"; sourceTree = BUILT_PRODUCTS_DIR; };
		A19BAF631DE54B600077A91D /* main.m */ = {isa = PBXFileReference; lastKnownFileType = sourcecode.c.objc; path = main.m; sourceTree = "<group>"; };
		A19BAF651DE54B600077A91D /* AppDelegate.h */ = {isa = PBXFileReference; lastKnownFileType = sourcecode.c.h; path = AppDelegate.h; sourceTree = "<group>"; };
		A19BAF661DE54B600077A91D /* AppDelegate.m */ = {isa = PBXFileReference; lastKnownFileType = sourcecode.c.objc; path = AppDelegate.m; sourceTree = "<group>"; };
		A19BAF681DE54B600077A91D /* HomeViewController.h */ = {isa = PBXFileReference; lastKnownFileType = sourcecode.c.h; path = HomeViewController.h; sourceTree = "<group>"; };
		A19BAF691DE54B600077A91D /* HomeViewController.m */ = {isa = PBXFileReference; lastKnownFileType = sourcecode.c.objc; path = HomeViewController.m; sourceTree = "<group>"; };
		A19BAF6C1DE54B600077A91D /* Base */ = {isa = PBXFileReference; lastKnownFileType = file.storyboard; name = Base; path = Base.lproj/Main.storyboard; sourceTree = "<group>"; };
		A19BAF6E1DE54B600077A91D /* Assets.xcassets */ = {isa = PBXFileReference; lastKnownFileType = folder.assetcatalog; path = Assets.xcassets; sourceTree = "<group>"; };
		A19BAF711DE54B600077A91D /* Base */ = {isa = PBXFileReference; lastKnownFileType = file.storyboard; name = Base; path = Base.lproj/LaunchScreen.storyboard; sourceTree = "<group>"; };
		A19BAF731DE54B600077A91D /* Info.plist */ = {isa = PBXFileReference; lastKnownFileType = text.plist.xml; path = Info.plist; sourceTree = "<group>"; };
		A1C026CF1DE5551C00BF8A75 /* HomeCell.h */ = {isa = PBXFileReference; fileEncoding = 4; lastKnownFileType = sourcecode.c.h; name = HomeCell.h; path = Controller/Home/Cell/HomeCell.h; sourceTree = "<group>"; };
		A1C026D01DE5551C00BF8A75 /* HomeCell.m */ = {isa = PBXFileReference; fileEncoding = 4; lastKnownFileType = sourcecode.c.objc; name = HomeCell.m; path = Controller/Home/Cell/HomeCell.m; sourceTree = "<group>"; };
/* End PBXFileReference section */

/* Begin PBXFrameworksBuildPhase section */
		A19BAF5C1DE54B600077A91D /* Frameworks */ = {
			isa = PBXFrameworksBuildPhase;
			buildActionMask = 2147483647;
			files = (
			);
			runOnlyForDeploymentPostprocessing = 0;
		};
/* End PBXFrameworksBuildPhase section */

/* Begin PBXGroup section */
		A19BAF561DE54B600077A91D = {
			isa = PBXGroup;
			children = (
				A19BAF611DE54B600077A91D /* Github Repository Finder */,
				A19BAF601DE54B600077A91D /* Products */,
			);
			sourceTree = "<group>";
		};
		A19BAF601DE54B600077A91D /* Products */ = {
			isa = PBXGroup;
			children = (
				A19BAF5F1DE54B600077A91D /* Github Repository Finder.app */,
			);
			name = Products;
			sourceTree = "<group>";
		};
		A19BAF611DE54B600077A91D /* Github Repository Finder */ = {
			isa = PBXGroup;
			children = (
				A1C026C81DE5549C00BF8A75 /* Delegate */,
				A1C026CB1DE554AC00BF8A75 /* Controller */,
				A1C026CA1DE554A900BF8A75 /* View */,
				A1C026C91DE554A300BF8A75 /* Model */,
				A1C026CD1DE554C900BF8A75 /* Assets */,
				A19BAF621DE54B600077A91D /* Supporting Files */,
			);
			path = "Github Repository Finder";
			sourceTree = "<group>";
		};
		A19BAF621DE54B600077A91D /* Supporting Files */ = {
			isa = PBXGroup;
			children = (
				A19BAF701DE54B600077A91D /* LaunchScreen.storyboard */,
				A19BAF731DE54B600077A91D /* Info.plist */,
				A19BAF631DE54B600077A91D /* main.m */,
			);
			name = "Supporting Files";
			sourceTree = "<group>";
		};
		A1C026C81DE5549C00BF8A75 /* Delegate */ = {
			isa = PBXGroup;
			children = (
				A19BAF651DE54B600077A91D /* AppDelegate.h */,
				A19BAF661DE54B600077A91D /* AppDelegate.m */,
			);
			name = Delegate;
			sourceTree = "<group>";
		};
		A1C026C91DE554A300BF8A75 /* Model */ = {
			isa = PBXGroup;
			children = (
			);
			name = Model;
			sourceTree = "<group>";
		};
		A1C026CA1DE554A900BF8A75 /* View */ = {
			isa = PBXGroup;
			children = (
				A19BAF6B1DE54B600077A91D /* Main.storyboard */,
			);
			name = View;
			sourceTree = "<group>";
		};
		A1C026CB1DE554AC00BF8A75 /* Controller */ = {
			isa = PBXGroup;
			children = (
				A1C026CC1DE554B800BF8A75 /* Home */,
			);
			name = Controller;
			sourceTree = "<group>";
		};
		A1C026CC1DE554B800BF8A75 /* Home */ = {
			isa = PBXGroup;
			children = (
				A1C026CE1DE554FD00BF8A75 /* Cell */,
				A19BAF681DE54B600077A91D /* HomeViewController.h */,
				A19BAF691DE54B600077A91D /* HomeViewController.m */,
			);
			name = Home;
			sourceTree = "<group>";
		};
		A1C026CD1DE554C900BF8A75 /* Assets */ = {
			isa = PBXGroup;
			children = (
				A19BAF6E1DE54B600077A91D /* Assets.xcassets */,
			);
			name = Assets;
			sourceTree = "<group>";
		};
		A1C026CE1DE554FD00BF8A75 /* Cell */ = {
			isa = PBXGroup;
			children = (
				A1C026CF1DE5551C00BF8A75 /* HomeCell.h */,
				A1C026D01DE5551C00BF8A75 /* HomeCell.m */,
			);
			name = Cell;
			sourceTree = "<group>";
		};
/* End PBXGroup section */

/* Begin PBXNativeTarget section */
		A19BAF5E1DE54B600077A91D /* Github Repository Finder */ = {
			isa = PBXNativeTarget;
			buildConfigurationList = A19BAF761DE54B600077A91D /* Build configuration list for PBXNativeTarget "Github Repository Finder" */;
			buildPhases = (
				A19BAF5B1DE54B600077A91D /* Sources */,
				A19BAF5C1DE54B600077A91D /* Frameworks */,
				A19BAF5D1DE54B600077A91D /* Resources */,
			);
			buildRules = (
			);
			dependencies = (
			);
			name = "Github Repository Finder";
			productName = "Github Repository Finder";
			productReference = A19BAF5F1DE54B600077A91D /* Github Repository Finder.app */;
			productType = "com.apple.product-type.application";
		};
/* End PBXNativeTarget section */

/* Begin PBXProject section */
		A19BAF571DE54B600077A91D /* Project object */ = {
			isa = PBXProject;
			attributes = {
				LastUpgradeCheck = 0730;
				ORGANIZATIONNAME = omarzl;
				TargetAttributes = {
					A19BAF5E1DE54B600077A91D = {
						CreatedOnToolsVersion = 7.3.1;
					};
				};
			};
			buildConfigurationList = A19BAF5A1DE54B600077A91D /* Build configuration list for PBXProject "Github Repository Finder" */;
			compatibilityVersion = "Xcode 3.2";
			developmentRegion = English;
			hasScannedForEncodings = 0;
			knownRegions = (
				en,
				Base,
			);
			mainGroup = A19BAF561DE54B600077A91D;
			productRefGroup = A19BAF601DE54B600077A91D /* Products */;
			projectDirPath = "";
			projectRoot = "";
			targets = (
				A19BAF5E1DE54B600077A91D /* Github Repository Finder */,
			);
		};
/* End PBXProject section */

/* Begin PBXResourcesBuildPhase section */
		A19BAF5D1DE54B600077A91D /* Resources */ = {
			isa = PBXResourcesBuildPhase;
			buildActionMask = 2147483647;
			files = (
				A19BAF721DE54B600077A91D /* LaunchScreen.storyboard in Resources */,
				A19BAF6F1DE54B600077A91D /* Assets.xcassets in Resources */,
				A19BAF6D1DE54B600077A91D /* Main.storyboard in Resources */,
			);
			runOnlyForDeploymentPostprocessing = 0;
		};
/* End PBXResourcesBuildPhase section */

/* Begin PBXSourcesBuildPhase section */
		A19BAF5B1DE54B600077A91D /* Sources */ = {
			isa = PBXSourcesBuildPhase;
			buildActionMask = 2147483647;
			files = (
				A19BAF6A1DE54B600077A91D /* HomeViewController.m in Sources */,
				A19BAF671DE54B600077A91D /* AppDelegate.m in Sources */,
				A1C026D11DE5551C00BF8A75 /* HomeCell.m in Sources */,
				A19BAF641DE54B600077A91D /* main.m in Sources */,
			);
			runOnlyForDeploymentPostprocessing = 0;
		};
/* End PBXSourcesBuildPhase section */

/* Begin PBXVariantGroup section */
		A19BAF6B1DE54B600077A91D /* Main.storyboard */ = {
			isa = PBXVariantGroup;
			children = (
				A19BAF6C1DE54B600077A91D /* Base */,
			);
			name = Main.storyboard;
			sourceTree = "<group>";
		};
		A19BAF701DE54B600077A91D /* LaunchScreen.storyboard */ = {
			isa = PBXVariantGroup;
			children = (
				A19BAF711DE54B600077A91D /* Base */,
			);
			name = LaunchScreen.storyboard;
			sourceTree = "<group>";
		};
/* End PBXVariantGroup section */

/* Begin XCBuildConfiguration section */
		A19BAF741DE54B600077A91D /* Debug */ = {
			isa = XCBuildConfiguration;
			buildSettings = {
				ALWAYS_SEARCH_USER_PATHS = NO;
				CLANG_ANALYZER_NONNULL = YES;
				CLANG_CXX_LANGUAGE_STANDARD = "gnu++0x";
				CLANG_CXX_LIBRARY = "libc++";
				CLANG_ENABLE_MODULES = YES;
				CLANG_ENABLE_OBJC_ARC = YES;
				CLANG_WARN_BOOL_CONVERSION = YES;
				CLANG_WARN_CONSTANT_CONVERSION = YES;
				CLANG_WARN_DIRECT_OBJC_ISA_USAGE = YES_ERROR;
				CLANG_WARN_EMPTY_BODY = YES;
				CLANG_WARN_ENUM_CONVERSION = YES;
				CLANG_WARN_INT_CONVERSION = YES;
				CLANG_WARN_OBJC_ROOT_CLASS = YES_ERROR;
				CLANG_WARN_UNREACHABLE_CODE = YES;
				CLANG_WARN__DUPLICATE_METHOD_MATCH = YES;
				"CODE_SIGN_IDENTITY[sdk=iphoneos*]" = "iPhone Developer";
				COPY_PHASE_STRIP = NO;
				DEBUG_INFORMATION_FORMAT = dwarf;
				ENABLE_STRICT_OBJC_MSGSEND = YES;
				ENABLE_TESTABILITY = YES;
				GCC_C_LANGUAGE_STANDARD = gnu99;
				GCC_DYNAMIC_NO_PIC = NO;
				GCC_NO_COMMON_BLOCKS = YES;
				GCC_OPTIMIZATION_LEVEL = 0;
				GCC_PREPROCESSOR_DEFINITIONS = (
					"DEBUG=1",
					"$(inherited)",
				);
				GCC_WARN_64_TO_32_BIT_CONVERSION = YES;
				GCC_WARN_ABOUT_RETURN_TYPE = YES_ERROR;
				GCC_WARN_UNDECLARED_SELECTOR = YES;
				GCC_WARN_UNINITIALIZED_AUTOS = YES_AGGRESSIVE;
				GCC_WARN_UNUSED_FUNCTION = YES;
				GCC_WARN_UNUSED_VARIABLE = YES;
				IPHONEOS_DEPLOYMENT_TARGET = 9.3;
				MTL_ENABLE_DEBUG_INFO = YES;
				ONLY_ACTIVE_ARCH = YES;
				SDKROOT = iphoneos;
			};
			name = Debug;
		};
		A19BAF751DE54B600077A91D /* Release */ = {
			isa = XCBuildConfiguration;
			buildSettings = {
				ALWAYS_SEARCH_USER_PATHS = NO;
				CLANG_ANALYZER_NONNULL = YES;
				CLANG_CXX_LANGUAGE_STANDARD = "gnu++0x";
				CLANG_CXX_LIBRARY = "libc++";
				CLANG_ENABLE_MODULES = YES;
				CLANG_ENABLE_OBJC_ARC = YES;
				CLANG_WARN_BOOL_CONVERSION = YES;
				CLANG_WARN_CONSTANT_CONVERSION = YES;
				CLANG_WARN_DIRECT_OBJC_ISA_USAGE = YES_ERROR;
				CLANG_WARN_EMPTY_BODY = YES;
				CLANG_WARN_ENUM_CONVERSION = YES;
				CLANG_WARN_INT_CONVERSION = YES;
				CLANG_WARN_OBJC_ROOT_CLASS = YES_ERROR;
				CLANG_WARN_UNREACHABLE_CODE = YES;
				CLANG_WARN__DUPLICATE_METHOD_MATCH = YES;
				"CODE_SIGN_IDENTITY[sdk=iphoneos*]" = "iPhone Developer";
				COPY_PHASE_STRIP = NO;
				DEBUG_INFORMATION_FORMAT = "dwarf-with-dsym";
				ENABLE_NS_ASSERTIONS = NO;
				ENABLE_STRICT_OBJC_MSGSEND = YES;
				GCC_C_LANGUAGE_STANDARD = gnu99;
				GCC_NO_COMMON_BLOCKS = YES;
				GCC_WARN_64_TO_32_BIT_CONVERSION = YES;
				GCC_WARN_ABOUT_RETURN_TYPE = YES_ERROR;
				GCC_WARN_UNDECLARED_SELECTOR = YES;
				GCC_WARN_UNINITIALIZED_AUTOS = YES_AGGRESSIVE;
				GCC_WARN_UNUSED_FUNCTION = YES;
				GCC_WARN_UNUSED_VARIABLE = YES;
				IPHONEOS_DEPLOYMENT_TARGET = 9.3;
				MTL_ENABLE_DEBUG_INFO = NO;
				SDKROOT = iphoneos;
				VALIDATE_PRODUCT = YES;
			};
			name = Release;
		};
		A19BAF771DE54B600077A91D /* Debug */ = {
			isa = XCBuildConfiguration;
			buildSettings = {
				ASSETCATALOG_COMPILER_APPICON_NAME = AppIcon;
				INFOPLIST_FILE = "Github Repository Finder/Info.plist";
				LD_RUNPATH_SEARCH_PATHS = "$(inherited) @executable_path/Frameworks";
				PRODUCT_BUNDLE_IDENTIFIER = "com.omarzl.Github-Repository-Finder";
				PRODUCT_NAME = "$(TARGET_NAME)";
			};
			name = Debug;
		};
		A19BAF781DE54B600077A91D /* Release */ = {
			isa = XCBuildConfiguration;
			buildSettings = {
				ASSETCATALOG_COMPILER_APPICON_NAME = AppIcon;
				INFOPLIST_FILE = "Github Repository Finder/Info.plist";
				LD_RUNPATH_SEARCH_PATHS = "$(inherited) @executable_path/Frameworks";
				PRODUCT_BUNDLE_IDENTIFIER = "com.omarzl.Github-Repository-Finder";
				PRODUCT_NAME = "$(TARGET_NAME)";
			};
			name = Release;
		};
/* End XCBuildConfiguration section */

/* Begin XCConfigurationList section */
		A19BAF5A1DE54B600077A91D /* Build configuration list for PBXProject "Github Repository Finder" */ = {
			isa = XCConfigurationList;
			buildConfigurations = (
				A19BAF741DE54B600077A91D /* Debug */,
				A19BAF751DE54B600077A91D /* Release */,
			);
			defaultConfigurationIsVisible = 0;
			defaultConfigurationName = Release;
		};
		A19BAF761DE54B600077A91D /* Build configuration list for PBXNativeTarget "Github Repository Finder" */ = {
			isa = XCConfigurationList;
			buildConfigurations = (
				A19BAF771DE54B600077A91D /* Debug */,
				A19BAF781DE54B600077A91D /* Release */,
			);
			defaultConfigurationIsVisible = 0;
			defaultConfigurationName = Release;
		};
/* End XCConfigurationList section */
	};
	rootObject = A19BAF571DE54B600077A91D /* Project object */;
}
